{
  "originHash" : "fe80d800fd3546609c8e9654610353e79fda7758e5303f523f9d300219eddff7",
  "pins" : [
    {
      "identity" : "rive-ios",
      "kind" : "remoteSourceControl",
      "location" : "https://github.com/rive-app/rive-ios.git",
      "state" : {
        "revision" : "b59607519432ee048130c6520acce5c8a7f5c06c",
        "version" : "5.9.1"
      }
    }
  ],
  "version" : 3
}
